# THIS IS AN AUTOGENERATED FILE. DO NOT EDIT THIS FILE DIRECTLY.
# yarn lockfile v1


"@protobuf-ts/plugin-framework@^2.9.0":
  version "2.9.0"
  resolved "https://registry.yarnpkg.com/@protobuf-ts/plugin-framework/-/plugin-framework-2.9.0.tgz#f3a4a64db8faa2b4174b14626a240594bfddf76c"
  integrity sha512-/fgpwEgYeiazEpkp9S+iaxVXd6LCkfd2iCfsvHiiSz94DatwZGkhv/85ciq2vcZVwSeEagKoSKeinnQWYvTnxw==
  dependencies:
    "@protobuf-ts/runtime" "^2.9.0"
    typescript "^3.9"

"@protobuf-ts/plugin@^2.9.0":
  version "2.9.0"
  resolved "https://registry.yarnpkg.com/@protobuf-ts/plugin/-/plugin-2.9.0.tgz#6f1d4c1ee8ab54bc6d0c55b7b8074e24dc48e7e4"
  integrity sha512-SYHWyvobfYcm1tq5O9DVU0vPYLhm66l83ImGLZBME1bjtyVSZ06aVrAXr6mJrwAjmVBDN9TeoPqstk48zpMHjA==
  dependencies:
    "@protobuf-ts/plugin-framework" "^2.9.0"
    "@protobuf-ts/protoc" "^2.9.0"
    "@protobuf-ts/runtime" "^2.9.0"
    "@protobuf-ts/runtime-rpc" "^2.9.0"
    typescript "^3.9"

"@protobuf-ts/protoc@^2.9.0":
  version "2.9.0"
  resolved "https://registry.yarnpkg.com/@protobuf-ts/protoc/-/protoc-2.9.0.tgz#e99c39a39790ceb22d37aa44d5fb020876a921dc"
  integrity sha512-8mQmw+OVqrpaHgmErle8heE5Z1ktX2vmWJmvFORSTcHxMfqHLv8RKTRroC9pkBQRgUaSGSXmy7n4ItdZnz41dw==

"@protobuf-ts/runtime-rpc@^2.9.0":
  version "2.9.0"
  resolved "https://registry.yarnpkg.com/@protobuf-ts/runtime-rpc/-/runtime-rpc-2.9.0.tgz#9431d9dfa1f49c6787bc88c6d3b71b4392082494"
  integrity sha512-h2S86+u2cNJACjzbBubbjKmNrnXkTmJ9yJHW4t7ZVS9xdV1C68blsVIh3Su4ghR8Nlj0459FuIUTsjWR8hA/7g==
  dependencies:
    "@protobuf-ts/runtime" "^2.9.0"

"@protobuf-ts/runtime@^2.9.0":
  version "2.9.0"
  resolved "https://registry.yarnpkg.com/@protobuf-ts/runtime/-/runtime-2.9.0.tgz#fca33476d0fcdd8255680321df893af7ed5bab21"
  integrity sha512-DnJtLZFMglADv9jiawBmg0RaET4a6fNSAaAHuU6Ovw2ZhJ23ehIY0NrlYLS0Lc8HRH0S5rkLI1QF1A1h8uKUnA==

typescript@^3.9:
  version "3.9.10"
  resolved "https://registry.yarnpkg.com/typescript/-/typescript-3.9.10.tgz#70f3910ac7a51ed6bef79da7800690b19bf778b8"
  integrity sha512-w6fIxVE/H1PkLKcCPsFqKE7Kv7QUwhU8qQY2MueZXWx5cPZdwFupLgKK3vntcK98BtNHZtAF4LA/yl2a7k8R6Q==

typescript@^5.0.4:
  version "5.0.4"
  resolved "https://registry.yarnpkg.com/typescript/-/typescript-5.0.4.tgz#b217fd20119bd61a94d4011274e0ab369058da3b"
  integrity sha512-cW9T5W9xY37cc+jfEnaUvX91foxtHkza3Nw3wkoF4sSlKn0MONdkdEndig/qPBWXNkmplh3NzayQzCiHM4/hqw==
